
Microsoft Visual Studio Solution File, Format Version 12.00
# Visual Studio Version 16
VisualStudioVersion = 16.0.29509.3
MinimumVisualStudioVersion = 10.0.40219.1
Project("{FAE04EC0-301F-11D3-BF4B-00C04F79EFBC}") = "DataAccess", "DataAccess\DataAccess.csproj", "{9A598041-0038-4F7A-979D-1412BE53F10D}"
EndProject
Project("{FAE04EC0-301F-11D3-BF4B-00C04F79EFBC}") = "Business", "Business\Business.csproj", "{9434A9A4-9982-4210-9789-FE996B9A4477}"
EndProject
Project("{FAE04EC0-301F-11D3-BF4B-00C04F79EFBC}") = "Entities", "Entities\Entities.csproj", "{D7C0B336-CBE9-4D05-936A-57F43ECDD393}"
EndProject
Project("{FAE04EC0-301F-11D3-BF4B-00C04F79EFBC}") = "WebAPI", "WebAPI\WebAPI.csproj", "{9B152F77-D506-40FC-BA26-C0711BAAA4F7}"
EndProject
Project("{FAE04EC0-301F-11D3-BF4B-00C04F79EFBC}") = "Core", "Core\Core.csproj", "{A559F125-3FD8-4DA0-AACB-C47A6ECE4581}"
EndProject
Global
	GlobalSection(SolutionConfigurationPlatforms) = preSolution
		Debug|Any CPU = Debug|Any CPU
		Release|Any CPU = Release|Any CPU
	EndGlobalSection
	GlobalSection(ProjectConfigurationPlatforms) = postSolution
		{9A598041-0038-4F7A-979D-1412BE53F10D}.Debug|Any CPU.ActiveCfg = Debug|Any CPU
		{9A598041-0038-4F7A-979D-1412BE53F10D}.Debug|Any CPU.Build.0 = Debug|Any CPU
		{9A598041-0038-4F7A-979D-1412BE53F10D}.Release|Any CPU.ActiveCfg = Release|Any CPU
		{9A598041-0038-4F7A-979D-1412BE53F10D}.Release|Any CPU.Build.0 = Release|Any CPU
		{9434A9A4-9982-4210-9789-FE996B9A4477}.Debug|Any CPU.ActiveCfg = Debug|Any CPU
		{9434A9A4-9982-4210-9789-FE996B9A4477}.Debug|Any CPU.Build.0 = Debug|Any CPU
		{9434A9A4-9982-4210-9789-FE996B9A4477}.Release|Any CPU.ActiveCfg = Release|Any CPU
		{9434A9A4-9982-4210-9789-FE996B9A4477}.Release|Any CPU.Build.0 = Release|Any CPU
		{D7C0B336-CBE9-4D05-936A-57F43ECDD393}.Debug|Any CPU.ActiveCfg = Debug|Any CPU
		{D7C0B336-CBE9-4D05-936A-57F43ECDD393}.Debug|Any CPU.Build.0 = Debug|Any CPU
		{D7C0B336-CBE9-4D05-936A-57F43ECDD393}.Release|Any CPU.ActiveCfg = Release|Any CPU
		{D7C0B336-CBE9-4D05-936A-57F43ECDD393}.Release|Any CPU.Build.0 = Release|Any CPU
		{9B152F77-D506-40FC-BA26-C0711BAAA4F7}.Debug|Any CPU.ActiveCfg = Debug|Any CPU
		{9B152F77-D506-40FC-BA26-C0711BAAA4F7}.Debug|Any CPU.Build.0 = Debug|Any CPU
		{9B152F77-D506-40FC-BA26-C0711BAAA4F7}.Release|Any CPU.ActiveCfg = Release|Any CPU
		{9B152F77-D506-40FC-BA26-C0711BAAA4F7}.Release|Any CPU.Build.0 = Release|Any CPU
		{A559F125-3FD8-4DA0-AACB-C47A6ECE4581}.Debug|Any CPU.ActiveCfg = Debug|Any CPU
		{A559F125-3FD8-4DA0-AACB-C47A6ECE4581}.Debug|Any CPU.Build.0 = Debug|Any CPU
		{A559F125-3FD8-4DA0-AACB-C47A6ECE4581}.Release|Any CPU.ActiveCfg = Release|Any CPU
		{A559F125-3FD8-4DA0-AACB-C47A6ECE4581}.Release|Any CPU.Build.0 = Release|Any CPU
	EndGlobalSection
	GlobalSection(SolutionProperties) = preSolution
		HideSolutionNode = FALSE
	EndGlobalSection
	GlobalSection(ExtensibilityGlobals) = postSolution
		SolutionGuid = {3381F657-E943-4A81-861D-04CCA1621580}
	EndGlobalSection
EndGlobal
